
Microsoft Visual Studio Solution File, Format Version 12.00
# Visual Studio Version 17
VisualStudioVersion = 17.14.37411.7 d17.14
MinimumVisualStudioVersion = 10.0.40219.1
Project("{FAE04EC0-301F-11D3-BF4B-00C04F79EFBC}") = "project_pos", "project_pos\project_pos.csproj", "{5DC00A06-DA33-4256-9317-49750AEDD954}"
EndProject
Global
	GlobalSection(SolutionConfigurationPlatforms) = preSolution
		Debug|Any CPU = Debug|Any CPU
		Release|Any CPU = Release|Any CPU
	EndGlobalSection
	GlobalSection(ProjectConfigurationPlatforms) = postSolution
		{5DC00A06-DA33-4256-9317-49750AEDD954}.Debug|Any CPU.ActiveCfg = Debug|Any CPU
		{5DC00A06-DA33-4256-9317-49750AEDD954}.Debug|Any CPU.Build.0 = Debug|Any CPU
		{5DC00A06-DA33-4256-9317-49750AEDD954}.Release|Any CPU.ActiveCfg = Release|Any CPU
		{5DC00A06-DA33-4256-9317-49750AEDD954}.Release|Any CPU.Build.0 = Release|Any CPU
	EndGlobalSection
	GlobalSection(SolutionProperties) = preSolution
		HideSolutionNode = FALSE
	EndGlobalSection
	GlobalSection(ExtensibilityGlobals) = postSolution
		SolutionGuid = {D531B81B-4E38-4631-94ED-75DCE5C5B85E}
	EndGlobalSection
EndGlobal
